
Microsoft Visual Studio Solution File, Format Version 12.00
# Visual Studio Version 17
VisualStudioVersion = 17.6.33815.320
MinimumVisualStudioVersion = 10.0.40219.1
Project("{9A19103F-16F7-4668-BE54-9A1E7A4F7556}") = "MonAutoecole", "MonAutoecole\MonAutoecole.csproj", "{0B61264F-430F-4489-A9EA-9E3A459002D7}"
EndProject
Project("{9A19103F-16F7-4668-BE54-9A1E7A4F7556}") = "LibAutoecole", "LibAutoecole\LibAutoecole.csproj", "{71B4A7E1-C127-46A6-BC90-69E525C56D89}"
EndProject
Project("{FAE04EC0-301F-11D3-BF4B-00C04F79EFBC}") = "FrAutoecole", "FrAutoecole\FrAutoecole.csproj", "{3BFB5AC0-245F-4F9C-836B-E8DBEEE2834B}"
EndProject
Global
	GlobalSection(SolutionConfigurationPlatforms) = preSolution
		Debug|Any CPU = Debug|Any CPU
		Release|Any CPU = Release|Any CPU
	EndGlobalSection
	GlobalSection(ProjectConfigurationPlatforms) = postSolution
		{0B61264F-430F-4489-A9EA-9E3A459002D7}.Debug|Any CPU.ActiveCfg = Debug|Any CPU
		{0B61264F-430F-4489-A9EA-9E3A459002D7}.Debug|Any CPU.Build.0 = Debug|Any CPU
		{0B61264F-430F-4489-A9EA-9E3A459002D7}.Release|Any CPU.ActiveCfg = Release|Any CPU
		{0B61264F-430F-4489-A9EA-9E3A459002D7}.Release|Any CPU.Build.0 = Release|Any CPU
		{71B4A7E1-C127-46A6-BC90-69E525C56D89}.Debug|Any CPU.ActiveCfg = Debug|Any CPU
		{71B4A7E1-C127-46A6-BC90-69E525C56D89}.Debug|Any CPU.Build.0 = Debug|Any CPU
		{71B4A7E1-C127-46A6-BC90-69E525C56D89}.Release|Any CPU.ActiveCfg = Release|Any CPU
		{71B4A7E1-C127-46A6-BC90-69E525C56D89}.Release|Any CPU.Build.0 = Release|Any CPU
		{3BFB5AC0-245F-4F9C-836B-E8DBEEE2834B}.Debug|Any CPU.ActiveCfg = Debug|Any CPU
		{3BFB5AC0-245F-4F9C-836B-E8DBEEE2834B}.Debug|Any CPU.Build.0 = Debug|Any CPU
		{3BFB5AC0-245F-4F9C-836B-E8DBEEE2834B}.Release|Any CPU.ActiveCfg = Release|Any CPU
		{3BFB5AC0-245F-4F9C-836B-E8DBEEE2834B}.Release|Any CPU.Build.0 = Release|Any CPU
	EndGlobalSection
	GlobalSection(SolutionProperties) = preSolution
		HideSolutionNode = FALSE
	EndGlobalSection
	GlobalSection(ExtensibilityGlobals) = postSolution
		SolutionGuid = {DFFE2660-5038-4B59-8537-6B1F13BC2FF7}
	EndGlobalSection
EndGlobal
